%{
  "domo": {:hex, :domo, "1.3.4", "c676bd2f4b480f0805af66da120632fa070d3068cd7c91e9ef14fdfe0c70a7be", [:mix], [{:decimal, ">= 0.0.0", [hex: :decimal, repo: "hexpm", optional: true]}, {:ecto, ">= 0.0.0", [hex: :ecto, repo: "hexpm", optional: true]}], "hexpm", "fe245d36c568d614637f4e32f89e40a431e0d237de6dcfb76ff4c215d8086aad"},
  "typed_struct": {:hex, :typed_struct, "0.2.1", "e1993414c371f09ff25231393b6430bd89d780e2a499ae3b2d2b00852f593d97", [:mix], [], "hexpm", "8f5218c35ec38262f627b2c522542f1eae41f625f92649c0af701a6fab2e11b3"},
}
